// !$*UTF8*$!
{
	archiveVersion = 1;
	classes = {
	};
	objectVersion = 56;
	objects = {

/* Begin PBXBuildFile section */
		FC47F6522A8C146500A0C380 /* CustomToggleSwitchesApp.swift in Sources */ = {isa = PBXBuildFile; fileRef = FC47F6512A8C146500A0C380 /* CustomToggleSwitchesApp.swift */; };
		FC47F6542A8C146500A0C380 /* ContentView.swift in Sources */ = {isa = PBXBuildFile; fileRef = FC47F6532A8C146500A0C380 /* ContentView.swift */; };
		FC47F6562A8C146800A0C380 /* Assets.xcassets in Resources */ = {isa = PBXBuildFile; fileRef = FC47F6552A8C146800A0C380 /* Assets.xcassets */; };
		FC47F6592A8C146800A0C380 /* Preview Assets.xcassets in Resources */ = {isa = PBXBuildFile; fileRef = FC47F6582A8C146800A0C380 /* Preview Assets.xcassets */; };
		FC47F6602A8C4A5000A0C380 /* ColorGradientView.swift in Sources */ = {isa = PBXBuildFile; fileRef = FC47F65F2A8C4A5000A0C380 /* ColorGradientView.swift */; };
		FC47F6622A8C4ABE00A0C380 /* IconToggle.swift in Sources */ = {isa = PBXBuildFile; fileRef = FC47F6612A8C4ABE00A0C380 /* IconToggle.swift */; };
		FC47F6662A8C4B9F00A0C380 /* Slider.swift in Sources */ = {isa = PBXBuildFile; fileRef = FC47F6652A8C4B9F00A0C380 /* Slider.swift */; };
		FC47F6682A8C4E8000A0C380 /* AppleStyleSlider.swift in Sources */ = {isa = PBXBuildFile; fileRef = FC47F6672A8C4E8000A0C380 /* AppleStyleSlider.swift */; };
		FC47F66A2A8C4F1600A0C380 /* ControlCenterSlider.swift in Sources */ = {isa = PBXBuildFile; fileRef = FC47F6692A8C4F1600A0C380 /* ControlCenterSlider.swift */; };
/* End PBXBuildFile section */

/* Begin PBXFileReference section */
		FC47F64E2A8C146500A0C380 /* CustomToggleSwitches.app */ = {isa = PBXFileReference; explicitFileType = wrapper.application; includeInIndex = 0; path = CustomToggleSwitches.app; sourceTree = BUILT_PRODUCTS_DIR; };
		FC47F6512A8C146500A0C380 /* CustomToggleSwitchesApp.swift */ = {isa = PBXFileReference; lastKnownFileType = sourcecode.swift; path = CustomToggleSwitchesApp.swift; sourceTree = "<group>"; };
		FC47F6532A8C146500A0C380 /* ContentView.swift */ = {isa = PBXFileReference; lastKnownFileType = sourcecode.swift; path = ContentView.swift; sourceTree = "<group>"; };
		FC47F6552A8C146800A0C380 /* Assets.xcassets */ = {isa = PBXFileReference; lastKnownFileType = folder.assetcatalog; path = Assets.xcassets; sourceTree = "<group>"; };
		FC47F6582A8C146800A0C380 /* Preview Assets.xcassets */ = {isa = PBXFileReference; lastKnownFileType = folder.assetcatalog; path = "Preview Assets.xcassets"; sourceTree = "<group>"; };
		FC47F65F2A8C4A5000A0C380 /* ColorGradientView.swift */ = {isa = PBXFileReference; lastKnownFileType = sourcecode.swift; path = ColorGradientView.swift; sourceTree = "<group>"; };
		FC47F6612A8C4ABE00A0C380 /* IconToggle.swift */ = {isa = PBXFileReference; lastKnownFileType = sourcecode.swift; path = IconToggle.swift; sourceTree = "<group>"; };
		FC47F6652A8C4B9F00A0C380 /* Slider.swift */ = {isa = PBXFileReference; lastKnownFileType = sourcecode.swift; path = Slider.swift; sourceTree = "<group>"; };
		FC47F6672A8C4E8000A0C380 /* AppleStyleSlider.swift */ = {isa = PBXFileReference; lastKnownFileType = sourcecode.swift; path = AppleStyleSlider.swift; sourceTree = "<group>"; };
		FC47F6692A8C4F1600A0C380 /* ControlCenterSlider.swift */ = {isa = PBXFileReference; lastKnownFileType = sourcecode.swift; path = ControlCenterSlider.swift; sourceTree = "<group>"; };
/* End PBXFileReference section */

/* Begin PBXFrameworksBuildPhase section */
		FC47F64B2A8C146500A0C380 /* Frameworks */ = {
			isa = PBXFrameworksBuildPhase;
			buildActionMask = 2147483647;
			files = (
			);
			runOnlyForDeploymentPostprocessing = 0;
		};
/* End PBXFrameworksBuildPhase section */

/* Begin PBXGroup section */
		FC47F6452A8C146500A0C380 = {
			isa = PBXGroup;
			children = (
				FC47F6502A8C146500A0C380 /* CustomToggleSwitches */,
				FC47F64F2A8C146500A0C380 /* Products */,
			);
			sourceTree = "<group>";
		};
		FC47F64F2A8C146500A0C380 /* Products */ = {
			isa = PBXGroup;
			children = (
				FC47F64E2A8C146500A0C380 /* CustomToggleSwitches.app */,
			);
			name = Products;
			sourceTree = "<group>";
		};
		FC47F6502A8C146500A0C380 /* CustomToggleSwitches */ = {
			isa = PBXGroup;
			children = (
				FC47F6512A8C146500A0C380 /* CustomToggleSwitchesApp.swift */,
				FC47F6532A8C146500A0C380 /* ContentView.swift */,
				FC47F65F2A8C4A5000A0C380 /* ColorGradientView.swift */,
				FC47F6552A8C146800A0C380 /* Assets.xcassets */,
				FC47F6572A8C146800A0C380 /* Preview Content */,
				FC47F6612A8C4ABE00A0C380 /* IconToggle.swift */,
				FC47F6652A8C4B9F00A0C380 /* Slider.swift */,
				FC47F6672A8C4E8000A0C380 /* AppleStyleSlider.swift */,
				FC47F6692A8C4F1600A0C380 /* ControlCenterSlider.swift */,
			);
			path = CustomToggleSwitches;
			sourceTree = "<group>";
		};
		FC47F6572A8C146800A0C380 /* Preview Content */ = {
			isa = PBXGroup;
			children = (
				FC47F6582A8C146800A0C380 /* Preview Assets.xcassets */,
			);
			path = "Preview Content";
			sourceTree = "<group>";
		};
/* End PBXGroup section */

/* Begin PBXNativeTarget section */
		FC47F64D2A8C146500A0C380 /* CustomToggleSwitches */ = {
			isa = PBXNativeTarget;
			buildConfigurationList = FC47F65C2A8C146800A0C380 /* Build configuration list for PBXNativeTarget "CustomToggleSwitches" */;
			buildPhases = (
				FC47F64A2A8C146500A0C380 /* Sources */,
				FC47F64B2A8C146500A0C380 /* Frameworks */,
				FC47F64C2A8C146500A0C380 /* Resources */,
			);
			buildRules = (
			);
			dependencies = (
			);
			name = CustomToggleSwitches;
			productName = CustomToggleSwitches;
			productReference = FC47F64E2A8C146500A0C380 /* CustomToggleSwitches.app */;
			productType = "com.apple.product-type.application";
		};
/* End PBXNativeTarget section */

/* Begin PBXProject section */
		FC47F6462A8C146500A0C380 /* Project object */ = {
			isa = PBXProject;
			attributes = {
				BuildIndependentTargetsInParallel = 1;
				LastSwiftUpdateCheck = 1500;
				LastUpgradeCheck = 1500;
				TargetAttributes = {
					FC47F64D2A8C146500A0C380 = {
						CreatedOnToolsVersion = 15.0;
					};
				};
			};
			buildConfigurationList = FC47F6492A8C146500A0C380 /* Build configuration list for PBXProject "CustomToggleSwitches" */;
			compatibilityVersion = "Xcode 14.0";
			developmentRegion = en;
			hasScannedForEncodings = 0;
			knownRegions = (
				en,
				Base,
			);
			mainGroup = FC47F6452A8C146500A0C380;
			productRefGroup = FC47F64F2A8C146500A0C380 /* Products */;
			projectDirPath = "";
			projectRoot = "";
			targets = (
				FC47F64D2A8C146500A0C380 /* CustomToggleSwitches */,
			);
		};
/* End PBXProject section */

/* Begin PBXResourcesBuildPhase section */
		FC47F64C2A8C146500A0C380 /* Resources */ = {
			isa = PBXResourcesBuildPhase;
			buildActionMask = 2147483647;
			files = (
				FC47F6592A8C146800A0C380 /* Preview Assets.xcassets in Resources */,
				FC47F6562A8C146800A0C380 /* Assets.xcassets in Resources */,
			);
			runOnlyForDeploymentPostprocessing = 0;
		};
/* End PBXResourcesBuildPhase section */

/* Begin PBXSourcesBuildPhase section */
		FC47F64A2A8C146500A0C380 /* Sources */ = {
			isa = PBXSourcesBuildPhase;
			buildActionMask = 2147483647;
			files = (
				FC47F6542A8C146500A0C380 /* ContentView.swift in Sources */,
				FC47F6682A8C4E8000A0C380 /* AppleStyleSlider.swift in Sources */,
				FC47F6522A8C146500A0C380 /* CustomToggleSwitchesApp.swift in Sources */,
				FC47F6622A8C4ABE00A0C380 /* IconToggle.swift in Sources */,
				FC47F6602A8C4A5000A0C380 /* ColorGradientView.swift in Sources */,
				FC47F6662A8C4B9F00A0C380 /* Slider.swift in Sources */,
				FC47F66A2A8C4F1600A0C380 /* ControlCenterSlider.swift in Sources */,
			);
			runOnlyForDeploymentPostprocessing = 0;
		};
/* End PBXSourcesBuildPhase section */

/* Begin XCBuildConfiguration section */
		FC47F65A2A8C146800A0C380 /* Debug */ = {
			isa = XCBuildConfiguration;
			buildSettings = {
				ALWAYS_SEARCH_USER_PATHS = NO;
				ASSETCATALOG_COMPILER_GENERATE_SWIFT_ASSET_SYMBOL_EXTENSIONS = YES;
				CLANG_ANALYZER_NONNULL = YES;
				CLANG_ANALYZER_NUMBER_OBJECT_CONVERSION = YES_AGGRESSIVE;
				CLANG_CXX_LANGUAGE_STANDARD = "gnu++20";
				CLANG_ENABLE_MODULES = YES;
				CLANG_ENABLE_OBJC_ARC = YES;
				CLANG_ENABLE_OBJC_WEAK = YES;
				CLANG_WARN_BLOCK_CAPTURE_AUTORELEASING = YES;
				CLANG_WARN_BOOL_CONVERSION = YES;
				CLANG_WARN_COMMA = YES;
				CLANG_WARN_CONSTANT_CONVERSION = YES;
				CLANG_WARN_DEPRECATED_OBJC_IMPLEMENTATIONS = YES;
				CLANG_WARN_DIRECT_OBJC_ISA_USAGE = YES_ERROR;
				CLANG_WARN_DOCUMENTATION_COMMENTS = YES;
				CLANG_WARN_EMPTY_BODY = YES;
				CLANG_WARN_ENUM_CONVERSION = YES;
				CLANG_WARN_INFINITE_RECURSION = YES;
				CLANG_WARN_INT_CONVERSION = YES;
				CLANG_WARN_NON_LITERAL_NULL_CONVERSION = YES;
				CLANG_WARN_OBJC_IMPLICIT_RETAIN_SELF = YES;
				CLANG_WARN_OBJC_LITERAL_CONVERSION = YES;
				CLANG_WARN_OBJC_ROOT_CLASS = YES_ERROR;
				CLANG_WARN_QUOTED_INCLUDE_IN_FRAMEWORK_HEADER = YES;
				CLANG_WARN_RANGE_LOOP_ANALYSIS = YES;
				CLANG_WARN_STRICT_PROTOTYPES = YES;
				CLANG_WARN_SUSPICIOUS_MOVE = YES;
				CLANG_WARN_UNGUARDED_AVAILABILITY = YES_AGGRESSIVE;
				CLANG_WARN_UNREACHABLE_CODE = YES;
				CLANG_WARN__DUPLICATE_METHOD_MATCH = YES;
				COPY_PHASE_STRIP = NO;
				DEBUG_INFORMATION_FORMAT = dwarf;
				ENABLE_STRICT_OBJC_MSGSEND = YES;
				ENABLE_TESTABILITY = YES;
				ENABLE_USER_SCRIPT_SANDBOXING = YES;
				GCC_C_LANGUAGE_STANDARD = gnu17;
				GCC_DYNAMIC_NO_PIC = NO;
				GCC_NO_COMMON_BLOCKS = YES;
				GCC_OPTIMIZATION_LEVEL = 0;
				GCC_PREPROCESSOR_DEFINITIONS = (
					"DEBUG=1",
					"$(inherited)",
				);
				GCC_WARN_64_TO_32_BIT_CONVERSION = YES;
				GCC_WARN_ABOUT_RETURN_TYPE = YES_ERROR;
				GCC_WARN_UNDECLARED_SELECTOR = YES;
				GCC_WARN_UNINITIALIZED_AUTOS = YES_AGGRESSIVE;
				GCC_WARN_UNUSED_FUNCTION = YES;
				GCC_WARN_UNUSED_VARIABLE = YES;
				IPHONEOS_DEPLOYMENT_TARGET = 17.0;
				LOCALIZATION_PREFERS_STRING_CATALOGS = YES;
				MTL_ENABLE_DEBUG_INFO = INCLUDE_SOURCE;
				MTL_FAST_MATH = YES;
				ONLY_ACTIVE_ARCH = YES;
				SDKROOT = iphoneos;
				SWIFT_ACTIVE_COMPILATION_CONDITIONS = "DEBUG $(inherited)";
				SWIFT_OPTIMIZATION_LEVEL = "-Onone";
			};
			name = Debug;
		};
		FC47F65B2A8C146800A0C380 /* Release */ = {
			isa = XCBuildConfiguration;
			buildSettings = {
				ALWAYS_SEARCH_USER_PATHS = NO;
				ASSETCATALOG_COMPILER_GENERATE_SWIFT_ASSET_SYMBOL_EXTENSIONS = YES;
				CLANG_ANALYZER_NONNULL = YES;
				CLANG_ANALYZER_NUMBER_OBJECT_CONVERSION = YES_AGGRESSIVE;
				CLANG_CXX_LANGUAGE_STANDARD = "gnu++20";
				CLANG_ENABLE_MODULES = YES;
				CLANG_ENABLE_OBJC_ARC = YES;
				CLANG_ENABLE_OBJC_WEAK = YES;
				CLANG_WARN_BLOCK_CAPTURE_AUTORELEASING = YES;
				CLANG_WARN_BOOL_CONVERSION = YES;
				CLANG_WARN_COMMA = YES;
				CLANG_WARN_CONSTANT_CONVERSION = YES;
				CLANG_WARN_DEPRECATED_OBJC_IMPLEMENTATIONS = YES;
				CLANG_WARN_DIRECT_OBJC_ISA_USAGE = YES_ERROR;
				CLANG_WARN_DOCUMENTATION_COMMENTS = YES;
				CLANG_WARN_EMPTY_BODY = YES;
				CLANG_WARN_ENUM_CONVERSION = YES;
				CLANG_WARN_INFINITE_RECURSION = YES;
				CLANG_WARN_INT_CONVERSION = YES;
				CLANG_WARN_NON_LITERAL_NULL_CONVERSION = YES;
				CLANG_WARN_OBJC_IMPLICIT_RETAIN_SELF = YES;
				CLANG_WARN_OBJC_LITERAL_CONVERSION = YES;
				CLANG_WARN_OBJC_ROOT_CLASS = YES_ERROR;
				CLANG_WARN_QUOTED_INCLUDE_IN_FRAMEWORK_HEADER = YES;
				CLANG_WARN_RANGE_LOOP_ANALYSIS = YES;
				CLANG_WARN_STRICT_PROTOTYPES = YES;
				CLANG_WARN_SUSPICIOUS_MOVE = YES;
				CLANG_WARN_UNGUARDED_AVAILABILITY = YES_AGGRESSIVE;
				CLANG_WARN_UNREACHABLE_CODE = YES;
				CLANG_WARN__DUPLICATE_METHOD_MATCH = YES;
				COPY_PHASE_STRIP = NO;
				DEBUG_INFORMATION_FORMAT = "dwarf-with-dsym";
				ENABLE_NS_ASSERTIONS = NO;
				ENABLE_STRICT_OBJC_MSGSEND = YES;
				ENABLE_USER_SCRIPT_SANDBOXING = YES;
				GCC_C_LANGUAGE_STANDARD = gnu17;
				GCC_NO_COMMON_BLOCKS = YES;
				GCC_WARN_64_TO_32_BIT_CONVERSION = YES;
				GCC_WARN_ABOUT_RETURN_TYPE = YES_ERROR;
				GCC_WARN_UNDECLARED_SELECTOR = YES;
				GCC_WARN_UNINITIALIZED_AUTOS = YES_AGGRESSIVE;
				GCC_WARN_UNUSED_FUNCTION = YES;
				GCC_WARN_UNUSED_VARIABLE = YES;
				IPHONEOS_DEPLOYMENT_TARGET = 17.0;
				LOCALIZATION_PREFERS_STRING_CATALOGS = YES;
				MTL_ENABLE_DEBUG_INFO = NO;
				MTL_FAST_MATH = YES;
				SDKROOT = iphoneos;
				SWIFT_COMPILATION_MODE = wholemodule;
				VALIDATE_PRODUCT = YES;
			};
			name = Release;
		};
		FC47F65D2A8C146800A0C380 /* Debug */ = {
			isa = XCBuildConfiguration;
			buildSettings = {
				ASSETCATALOG_COMPILER_APPICON_NAME = AppIcon;
				ASSETCATALOG_COMPILER_GLOBAL_ACCENT_COLOR_NAME = AccentColor;
				CODE_SIGN_STYLE = Automatic;
				CURRENT_PROJECT_VERSION = 1;
				DEVELOPMENT_ASSET_PATHS = "\"CustomToggleSwitches/Preview Content\"";
				DEVELOPMENT_TEAM = QDM5JWF95B;
				ENABLE_PREVIEWS = YES;
				GENERATE_INFOPLIST_FILE = YES;
				INFOPLIST_KEY_UIApplicationSceneManifest_Generation = YES;
				INFOPLIST_KEY_UIApplicationSupportsIndirectInputEvents = YES;
				INFOPLIST_KEY_UILaunchScreen_Generation = YES;
				INFOPLIST_KEY_UISupportedInterfaceOrientations_iPad = "UIInterfaceOrientationPortrait UIInterfaceOrientationPortraitUpsideDown UIInterfaceOrientationLandscapeLeft UIInterfaceOrientationLandscapeRight";
				INFOPLIST_KEY_UISupportedInterfaceOrientations_iPhone = "UIInterfaceOrientationPortrait UIInterfaceOrientationLandscapeLeft UIInterfaceOrientationLandscapeRight";
				IPHONEOS_DEPLOYMENT_TARGET = 15.0;
				LD_RUNPATH_SEARCH_PATHS = (
					"$(inherited)",
					"@executable_path/Frameworks",
				);
				MARKETING_VERSION = 1.0;
				PRODUCT_BUNDLE_IDENTIFIER = com.Mccraydev.CustomToggleSwitches;
				PRODUCT_NAME = "$(TARGET_NAME)";
				SWIFT_EMIT_LOC_STRINGS = YES;
				SWIFT_VERSION = 5.0;
				TARGETED_DEVICE_FAMILY = "1,2";
			};
			name = Debug;
		};
		FC47F65E2A8C146800A0C380 /* Release */ = {
			isa = XCBuildConfiguration;
			buildSettings = {
				ASSETCATALOG_COMPILER_APPICON_NAME = AppIcon;
				ASSETCATALOG_COMPILER_GLOBAL_ACCENT_COLOR_NAME = AccentColor;
				CODE_SIGN_STYLE = Automatic;
				CURRENT_PROJECT_VERSION = 1;
				DEVELOPMENT_ASSET_PATHS = "\"CustomToggleSwitches/Preview Content\"";
				DEVELOPMENT_TEAM = QDM5JWF95B;
				ENABLE_PREVIEWS = YES;
				GENERATE_INFOPLIST_FILE = YES;
				INFOPLIST_KEY_UIApplicationSceneManifest_Generation = YES;
				INFOPLIST_KEY_UIApplicationSupportsIndirectInputEvents = YES;
				INFOPLIST_KEY_UILaunchScreen_Generation = YES;
				INFOPLIST_KEY_UISupportedInterfaceOrientations_iPad = "UIInterfaceOrientationPortrait UIInterfaceOrientationPortraitUpsideDown UIInterfaceOrientationLandscapeLeft UIInterfaceOrientationLandscapeRight";
				INFOPLIST_KEY_UISupportedInterfaceOrientations_iPhone = "UIInterfaceOrientationPortrait UIInterfaceOrientationLandscapeLeft UIInterfaceOrientationLandscapeRight";
				IPHONEOS_DEPLOYMENT_TARGET = 15.0;
				LD_RUNPATH_SEARCH_PATHS = (
					"$(inherited)",
					"@executable_path/Frameworks",
				);
				MARKETING_VERSION = 1.0;
				PRODUCT_BUNDLE_IDENTIFIER = com.Mccraydev.CustomToggleSwitches;
				PRODUCT_NAME = "$(TARGET_NAME)";
				SWIFT_EMIT_LOC_STRINGS = YES;
				SWIFT_VERSION = 5.0;
				TARGETED_DEVICE_FAMILY = "1,2";
			};
			name = Release;
		};
/* End XCBuildConfiguration section */

/* Begin XCConfigurationList section */
		FC47F6492A8C146500A0C380 /* Build configuration list for PBXProject "CustomToggleSwitches" */ = {
			isa = XCConfigurationList;
			buildConfigurations = (
				FC47F65A2A8C146800A0C380 /* Debug */,
				FC47F65B2A8C146800A0C380 /* Release */,
			);
			defaultConfigurationIsVisible = 0;
			defaultConfigurationName = Release;
		};
		FC47F65C2A8C146800A0C380 /* Build configuration list for PBXNativeTarget "CustomToggleSwitches" */ = {
			isa = XCConfigurationList;
			buildConfigurations = (
				FC47F65D2A8C146800A0C380 /* Debug */,
				FC47F65E2A8C146800A0C380 /* Release */,
			);
			defaultConfigurationIsVisible = 0;
			defaultConfigurationName = Release;
		};
/* End XCConfigurationList section */
	};
	rootObject = FC47F6462A8C146500A0C380 /* Project object */;
}
